<Solution>
  <Project Path="MerryYellow.CodeAssist.Editor.csproj" Id="b0dc4c70-e83c-e690-ada4-4e30f768a20e" />
  <Project Path="Assembly-CSharp.csproj" Id="cfbc8d20-f509-c97a-bd28-1afaae0f23cf" />
  <Project Path="IngameDebugConsole.Runtime.csproj" Id="36732c6b-edd7-f515-f146-ba7dd12a6197" />
  <Project Path="Unity.XR.Hands.Samples.VisualizerSample.csproj" Id="e4191ff8-6a47-206a-0c4e-ebd26ac655e6" />
  <Project Path="Unity.XR.Interaction.Toolkit.Samples.StarterAssets.csproj" Id="dec3d158-1d02-dee4-00da-8702133100fc" />
  <Project Path="Assembly-CSharp-Editor.csproj" Id="ce7e364e-09d8-0096-6399-2d03f3f6dfb9" />
  <Project Path="Unity.XR.Interaction.Toolkit.Samples.Hands.Editor.csproj" Id="c0bb21d8-5bc8-4c4b-8b2f-5454bab97e9e" />
  <Project Path="Unity.XR.Interaction.Toolkit.Samples.Hands.csproj" Id="d7ce4a8d-4561-de57-d7e1-12ebba051773" />
  <Project Path="Unity.XR.Interaction.Toolkit.Samples.StarterAssets.Editor.csproj" Id="8dd113ae-86ac-fa4d-4701-af21dbd64473" />
  <Project Path="IngameDebugConsole.Editor.csproj" Id="c866735d-3328-66f7-b6d8-23d1c1ffff76" />
</Solution>
